{
  "name": "node-cache-udp",
  "version": "0.0.1",
  "lockfileVersion": 2,
  "requires": true,
  "packages": {
    "": {
      "name": "node-cache-udp",
      "version": "0.0.1",
      "license": "MIT",
      "devDependencies": {
        "@types/node": "^16.9.6",
        "@yosgo/tsconfig": "^0.0.3"
      },
      "engines": {
        "node": ">= 14.0.0"
      }
    },
    "node_modules/@types/node": {
      "version": "16.9.6",
      "resolved": "https://registry.npmjs.org/@types/node/-/node-16.9.6.tgz",
      "integrity": "sha512-YHUZhBOMTM3mjFkXVcK+WwAcYmyhe1wL4lfqNtzI0b3qAy7yuSetnM7QJazgE5PFmgVTNGiLOgRFfJMqW7XpSQ==",
      "dev": true
    },
    "node_modules/@yosgo/tsconfig": {
      "version": "0.0.3",
      "resolved": "https://registry.npmjs.org/@yosgo/tsconfig/-/tsconfig-0.0.3.tgz",
      "integrity": "sha512-O/VjpckFAMCDG7j79/CnjBuur8FAuVHp6+q1C0gFhoreV+hWlWzap8Q5fPmnsEyaXwqtcgikrQ1z2+31g4aNJA==",
      "dev": true,
      "engines": {
        "node": ">=12"
      }
    }
  },
  "dependencies": {
    "@types/node": {
      "version": "16.9.6",
      "resolved": "https://registry.npmjs.org/@types/node/-/node-16.9.6.tgz",
      "integrity": "sha512-YHUZhBOMTM3mjFkXVcK+WwAcYmyhe1wL4lfqNtzI0b3qAy7yuSetnM7QJazgE5PFmgVTNGiLOgRFfJMqW7XpSQ==",
      "dev": true
    },
    "@yosgo/tsconfig": {
      "version": "0.0.3",
      "resolved": "https://registry.npmjs.org/@yosgo/tsconfig/-/tsconfig-0.0.3.tgz",
      "integrity": "sha512-O/VjpckFAMCDG7j79/CnjBuur8FAuVHp6+q1C0gFhoreV+hWlWzap8Q5fPmnsEyaXwqtcgikrQ1z2+31g4aNJA==",
      "dev": true
    }
  }
}
